{
  "version": 4,
  "terraform_version": "1.14.8",
  "serial": 10,
  "lineage": "c41d7dce-a6ba-f5c6-4fca-7216ab322bc2",
  "outputs": {
    "api_gateway_auth_endpoint": {
      "value": "https://rwr1jgbu2l.execute-api.us-east-1.amazonaws.com//auth",
      "type": "string"
    },
    "api_gateway_url": {
      "value": "https://rwr1jgbu2l.execute-api.us-east-1.amazonaws.com/",
      "type": "string"
    },
    "lambda_function_arn": {
      "value": "arn:aws:lambda:us-east-1:840515967820:function:oficina-auth-cpf",
      "type": "string"
    },
    "lambda_function_name": {
      "value": "oficina-auth-cpf",
      "type": "string"
    },
    "lambda_security_group_id": {
      "value": "sg-05549db5bb6a44236",
      "type": "string"
    }
  },
  "resources": [
    {
      "mode": "data",
      "type": "archive_file",
      "name": "lambda_zip",
      "provider": "provider[\"registry.terraform.io/hashicorp/archive\"]",
      "instances": [
        {
          "schema_version": 0,
          "attributes": {
            "exclude_symlink_directories": null,
            "excludes": [
              "*.test.mjs",
              ".git",
              ".github",
              ".gitignore",
              "README.md",
              "terraform"
            ],
            "id": "639f517ebeb7b6d8f16092097cd994b62b538b20",
            "output_base64sha256": "vC3CwJ5BXn5Eyndml4Y+/yLlRwMNg84gThf+a0mbAc8=",
            "output_base64sha512": "sO8+MHcQSQpMGV6Lcne/cSO4o7qz5957ysRgjqlBUDSBAiw9oXRUwJbhAze1kANqtcqxs4bAqD1FNNQaQ5+Cmg==",
            "output_file_mode": null,
            "output_md5": "9c8ed22be17fce7d094ad04ad7fa6872",
            "output_path": "./function.zip",
            "output_sha": "639f517ebeb7b6d8f16092097cd994b62b538b20",
            "output_sha256": "bc2dc2c09e415e7e44ca776697863eff22e547030d83ce204e17fe6b499b01cf",
            "output_sha512": "b0ef3e307710490a4c195e8b7277bf7123b8a3bab3e7de7bcac4608ea941503481022c3da17454c096e10337b590036ab5cab1b386c0a83d4534d41a439f829a",
            "output_size": 295730,
            "source": [],
            "source_content": null,
            "source_content_filename": null,
            "source_dir": "./..",
            "source_file": null,
            "type": "zip"
          },
          "sensitive_attributes": [],
          "identity_schema_version": 0
        }
      ]
    },
    {
      "mode": "data",
      "type": "aws_iam_role",
      "name": "lab_role",
      "provider": "provider[\"registry.terraform.io/hashicorp/aws\"]",
      "instances": [
        {
          "schema_version": 0,
          "attributes": {
            "arn": "arn:aws:iam::840515967820:role/LabRole",
            "assume_role_policy": "{\"Version\":\"2012-10-17\",\"Statement\":[{\"Effect\":\"Allow\",\"Principal\":{\"AWS\":\"arn:aws:iam::840515967820:role/LabRole\",\"Service\":[\"elasticbeanstalk.amazonaws.com\",\"kms.amazonaws.com\",\"ssm.amazonaws.com\",\"athena.amazonaws.com\",\"cloudformation.amazonaws.com\",\"ecs.amazonaws.com\",\"ec2.application-autoscaling.amazonaws.com\",\"secretsmanager.amazonaws.com\",\"codewhisperer.amazonaws.com\",\"autoscaling.amazonaws.com\",\"scheduler.amazonaws.com\",\"sagemaker.amazonaws.com\",\"batch.amazonaws.com\",\"resource-groups.amazonaws.com\",\"s3.amazonaws.com\",\"redshift.amazonaws.com\",\"cloud9.amazonaws.com\",\"glue.amazonaws.com\",\"eks-fargate-pods.amazonaws.com\",\"kinesisanalytics.amazonaws.com\",\"cognito-idp.amazonaws.com\",\"states.amazonaws.com\",\"deepracer.amazonaws.com\",\"events.amazonaws.com\",\"elasticmapreduce.amazonaws.com\",\"cloudtrail.amazonaws.com\",\"firehose.amazonaws.com\",\"codecommit.amazonaws.com\",\"logs.amazonaws.com\",\"iotevents.amazonaws.com\",\"lambda.amazonaws.com\",\"sns.amazonaws.com\",\"rekognition.amazonaws.com\",\"iot.amazonaws.com\",\"elasticfilesystem.amazonaws.com\",\"dynamodb.amazonaws.com\",\"application-autoscaling.amazonaws.com\",\"elasticloadbalancing.amazonaws.com\",\"servicecatalog.amazonaws.com\",\"kinesis.amazonaws.com\",\"backup.amazonaws.com\",\"iotanalytics.amazonaws.com\",\"ecs-tasks.amazonaws.com\",\"pipes.amazonaws.com\",\"databrew.amazonaws.com\",\"eks.amazonaws.com\",\"credentials.iot.amazonaws.com\",\"ec2.amazonaws.com\",\"forecast.amazonaws.com\",\"rds.amazonaws.com\",\"codedeploy.amazonaws.com\",\"sqs.amazonaws.com\",\"apigateway.amazonaws.com\"]},\"Action\":\"sts:AssumeRole\"}]}",
            "create_date": "2026-04-10T13:50:13Z",
            "description": "",
            "id": "LabRole",
            "max_session_duration": 3600,
            "name": "LabRole",
            "path": "/",
            "permissions_boundary": "",
            "role_last_used": [
              {
                "last_used_date": "2026-04-13T16:41:15Z",
                "region": "us-east-1"
              }
            ],
            "tags": {
              "cloudlab": "c207442a5275926l14626612t1w840515967820"
            },
            "unique_id": "AROA4HMVH3NGAJJ3U4QES"
          },
          "sensitive_attributes": [],
          "identity_schema_version": 0
        }
      ]
    },
    {
      "mode": "managed",
      "type": "aws_apigatewayv2_api",
      "name": "auth",
      "provider": "provider[\"registry.terraform.io/hashicorp/aws\"]",
      "instances": [
        {
          "schema_version": 0,
          "attributes": {
            "api_endpoint": "https://rwr1jgbu2l.execute-api.us-east-1.amazonaws.com",
            "api_key_selection_expression": "$request.header.x-api-key",
            "arn": "arn:aws:apigateway:us-east-1::/apis/rwr1jgbu2l",
            "body": null,
            "cors_configuration": [
              {
                "allow_credentials": false,
                "allow_headers": [
                  "Content-Type"
                ],
                "allow_methods": [
                  "OPTIONS",
                  "POST"
                ],
                "allow_origins": [
                  "*"
                ],
                "expose_headers": null,
                "max_age": 3600
              }
            ],
            "credentials_arn": null,
            "description": "API Gateway para autenticacao via CPF",
            "disable_execute_api_endpoint": false,
            "execution_arn": "arn:aws:execute-api:us-east-1:840515967820:rwr1jgbu2l",
            "fail_on_warnings": null,
            "id": "rwr1jgbu2l",
            "ip_address_type": "ipv4",
            "name": "oficina-auth-api",
            "protocol_type": "HTTP",
            "route_key": null,
            "route_selection_expression": "$request.method $request.path",
            "tags": null,
            "tags_all": {
              "ManagedBy": "terraform",
              "Project": "oficina",
              "Repo": "lambda-auth-oficina"
            },
            "target": null,
            "version": ""
          },
          "sensitive_attributes": [],
          "identity_schema_version": 0,
          "private": "bnVsbA=="
        }
      ]
    },
    {
      "mode": "managed",
      "type": "aws_apigatewayv2_integration",
      "name": "auth",
      "provider": "provider[\"registry.terraform.io/hashicorp/aws\"]",
      "instances": [
        {
          "schema_version": 0,
          "attributes": {
            "api_id": "rwr1jgbu2l",
            "connection_id": "",
            "connection_type": "INTERNET",
            "content_handling_strategy": "",
            "credentials_arn": "",
            "description": "",
            "id": "5446jho",
            "integration_method": "POST",
            "integration_response_selection_expression": "",
            "integration_subtype": "",
            "integration_type": "AWS_PROXY",
            "integration_uri": "arn:aws:apigateway:us-east-1:lambda:path/2015-03-31/functions/arn:aws:lambda:us-east-1:840515967820:function:oficina-auth-cpf/invocations",
            "passthrough_behavior": "",
            "payload_format_version": "2.0",
            "request_parameters": null,
            "request_templates": null,
            "response_parameters": [],
            "template_selection_expression": "",
            "timeout_milliseconds": 30000,
            "tls_config": []
          },
          "sensitive_attributes": [],
          "identity_schema_version": 0,
          "private": "bnVsbA==",
          "dependencies": [
            "aws_apigatewayv2_api.auth",
            "aws_lambda_function.auth",
            "aws_security_group.lambda",
            "data.archive_file.lambda_zip",
            "data.aws_iam_role.lab_role"
          ]
        }
      ]
    },
    {
      "mode": "managed",
      "type": "aws_apigatewayv2_route",
      "name": "auth",
      "provider": "provider[\"registry.terraform.io/hashicorp/aws\"]",
      "instances": [
        {
          "schema_version": 0,
          "attributes": {
            "api_id": "rwr1jgbu2l",
            "api_key_required": false,
            "authorization_scopes": null,
            "authorization_type": "NONE",
            "authorizer_id": "",
            "id": "y9o0ler",
            "model_selection_expression": "",
            "operation_name": "",
            "request_models": null,
            "request_parameter": [],
            "route_key": "POST /auth",
            "route_response_selection_expression": "",
            "target": "integrations/5446jho"
          },
          "sensitive_attributes": [],
          "identity_schema_version": 0,
          "private": "bnVsbA==",
          "dependencies": [
            "aws_apigatewayv2_api.auth",
            "aws_apigatewayv2_integration.auth",
            "aws_lambda_function.auth",
            "aws_security_group.lambda",
            "data.archive_file.lambda_zip",
            "data.aws_iam_role.lab_role"
          ]
        }
      ]
    },
    {
      "mode": "managed",
      "type": "aws_apigatewayv2_stage",
      "name": "default",
      "provider": "provider[\"registry.terraform.io/hashicorp/aws\"]",
      "instances": [
        {
          "schema_version": 0,
          "attributes": {
            "access_log_settings": [],
            "api_id": "rwr1jgbu2l",
            "arn": "arn:aws:apigateway:us-east-1::/apis/rwr1jgbu2l/stages/$default",
            "auto_deploy": true,
            "client_certificate_id": "",
            "default_route_settings": [
              {
                "data_trace_enabled": false,
                "detailed_metrics_enabled": false,
                "logging_level": "",
                "throttling_burst_limit": 50,
                "throttling_rate_limit": 25
              }
            ],
            "deployment_id": "",
            "description": "",
            "execution_arn": "arn:aws:execute-api:us-east-1:840515967820:rwr1jgbu2l/$default",
            "id": "$default",
            "invoke_url": "https://rwr1jgbu2l.execute-api.us-east-1.amazonaws.com/",
            "name": "$default",
            "route_settings": [],
            "stage_variables": null,
            "tags": null,
            "tags_all": {
              "ManagedBy": "terraform",
              "Project": "oficina",
              "Repo": "lambda-auth-oficina"
            }
          },
          "sensitive_attributes": [],
          "identity_schema_version": 0,
          "private": "bnVsbA==",
          "dependencies": [
            "aws_apigatewayv2_api.auth"
          ]
        }
      ]
    },
    {
      "mode": "managed",
      "type": "aws_cloudwatch_log_group",
      "name": "lambda",
      "provider": "provider[\"registry.terraform.io/hashicorp/aws\"]",
      "instances": [
        {
          "schema_version": 0,
          "attributes": {
            "arn": "arn:aws:logs:us-east-1:840515967820:log-group:/aws/lambda/oficina-auth-cpf",
            "id": "/aws/lambda/oficina-auth-cpf",
            "kms_key_id": "",
            "log_group_class": "STANDARD",
            "name": "/aws/lambda/oficina-auth-cpf",
            "name_prefix": "",
            "retention_in_days": 7,
            "skip_destroy": false,
            "tags": null,
            "tags_all": {
              "ManagedBy": "terraform",
              "Project": "oficina",
              "Repo": "lambda-auth-oficina"
            }
          },
          "sensitive_attributes": [],
          "identity_schema_version": 0,
          "private": "bnVsbA==",
          "dependencies": [
            "aws_lambda_function.auth",
            "aws_security_group.lambda",
            "data.archive_file.lambda_zip",
            "data.aws_iam_role.lab_role"
          ]
        }
      ]
    },
    {
      "mode": "managed",
      "type": "aws_lambda_function",
      "name": "auth",
      "provider": "provider[\"registry.terraform.io/hashicorp/aws\"]",
      "instances": [
        {
          "schema_version": 0,
          "attributes": {
            "architectures": [
              "x86_64"
            ],
            "arn": "arn:aws:lambda:us-east-1:840515967820:function:oficina-auth-cpf",
            "code_sha256": "vC3CwJ5BXn5Eyndml4Y+/yLlRwMNg84gThf+a0mbAc8=",
            "code_signing_config_arn": "",
            "dead_letter_config": [],
            "description": "Autenticacao via CPF - valida CPF, consulta cliente, gera JWT",
            "environment": [
              {
                "variables": {
                  "DB_HOST": "oficina-postgres.cnngmhzyysau.us-east-1.rds.amazonaws.com",
                  "DB_NAME": "oficina",
                  "DB_PASSWORD": "oficina2026!",
                  "DB_PORT": "5432",
                  "DB_USER": "oficina",
                  "JWT_SECRET": "sua-chave-secreta-muito-longa-com-pelo-menos-256-bits-para-producao"
                }
              }
            ],
            "ephemeral_storage": [
              {
                "size": 512
              }
            ],
            "file_system_config": [],
            "filename": "./function.zip",
            "function_name": "oficina-auth-cpf",
            "handler": "src/index.handler",
            "id": "oficina-auth-cpf",
            "image_config": [],
            "image_uri": "",
            "invoke_arn": "arn:aws:apigateway:us-east-1:lambda:path/2015-03-31/functions/arn:aws:lambda:us-east-1:840515967820:function:oficina-auth-cpf/invocations",
            "kms_key_arn": "",
            "last_modified": "2026-04-13T19:13:01.304+0000",
            "layers": null,
            "logging_config": [
              {
                "application_log_level": "",
                "log_format": "Text",
                "log_group": "/aws/lambda/oficina-auth-cpf",
                "system_log_level": ""
              }
            ],
            "memory_size": 128,
            "package_type": "Zip",
            "publish": false,
            "qualified_arn": "arn:aws:lambda:us-east-1:840515967820:function:oficina-auth-cpf:$LATEST",
            "qualified_invoke_arn": "arn:aws:apigateway:us-east-1:lambda:path/2015-03-31/functions/arn:aws:lambda:us-east-1:840515967820:function:oficina-auth-cpf:$LATEST/invocations",
            "replace_security_groups_on_destroy": null,
            "replacement_security_group_ids": null,
            "reserved_concurrent_executions": -1,
            "role": "arn:aws:iam::840515967820:role/LabRole",
            "runtime": "nodejs20.x",
            "s3_bucket": null,
            "s3_key": null,
            "s3_object_version": null,
            "signing_job_arn": "",
            "signing_profile_version_arn": "",
            "skip_destroy": false,
            "snap_start": [],
            "source_code_hash": "vC3CwJ5BXn5Eyndml4Y+/yLlRwMNg84gThf+a0mbAc8=",
            "source_code_size": 295730,
            "tags": null,
            "tags_all": {
              "ManagedBy": "terraform",
              "Project": "oficina",
              "Repo": "lambda-auth-oficina"
            },
            "timeout": 30,
            "timeouts": null,
            "tracing_config": [
              {
                "mode": "PassThrough"
              }
            ],
            "version": "$LATEST",
            "vpc_config": [
              {
                "ipv6_allowed_for_dual_stack": false,
                "security_group_ids": [
                  "sg-05549db5bb6a44236"
                ],
                "subnet_ids": [
                  "subnet-03cddc837ea1cf08e",
                  "subnet-07eeea0b439c01886"
                ],
                "vpc_id": "vpc-01450388aa0b72948"
              }
            ]
          },
          "sensitive_attributes": [
            [
              {
                "type": "get_attr",
                "value": "environment"
              },
              {
                "type": "index",
                "value": {
                  "value": 0,
                  "type": "number"
                }
              },
              {
                "type": "get_attr",
                "value": "variables"
              },
              {
                "type": "index",
                "value": {
                  "value": "DB_HOST",
                  "type": "string"
                }
              }
            ],
            [
              {
                "type": "get_attr",
                "value": "environment"
              },
              {
                "type": "index",
                "value": {
                  "value": 0,
                  "type": "number"
                }
              },
              {
                "type": "get_attr",
                "value": "variables"
              },
              {
                "type": "index",
                "value": {
                  "value": "DB_PASSWORD",
                  "type": "string"
                }
              }
            ],
            [
              {
                "type": "get_attr",
                "value": "environment"
              },
              {
                "type": "index",
                "value": {
                  "value": 0,
                  "type": "number"
                }
              },
              {
                "type": "get_attr",
                "value": "variables"
              },
              {
                "type": "index",
                "value": {
                  "value": "DB_USER",
                  "type": "string"
                }
              }
            ],
            [
              {
                "type": "get_attr",
                "value": "environment"
              },
              {
                "type": "index",
                "value": {
                  "value": 0,
                  "type": "number"
                }
              },
              {
                "type": "get_attr",
                "value": "variables"
              },
              {
                "type": "index",
                "value": {
                  "value": "JWT_SECRET",
                  "type": "string"
                }
              }
            ]
          ],
          "identity_schema_version": 0,
          "private": "eyJlMmJmYjczMC1lY2FhLTExZTYtOGY4OC0zNDM2M2JjN2M0YzAiOnsiY3JlYXRlIjo2MDAwMDAwMDAwMDAsImRlbGV0ZSI6NjAwMDAwMDAwMDAwLCJ1cGRhdGUiOjYwMDAwMDAwMDAwMH19",
          "dependencies": [
            "aws_security_group.lambda",
            "data.archive_file.lambda_zip",
            "data.aws_iam_role.lab_role"
          ]
        }
      ]
    },
    {
      "mode": "managed",
      "type": "aws_lambda_permission",
      "name": "apigw",
      "provider": "provider[\"registry.terraform.io/hashicorp/aws\"]",
      "instances": [
        {
          "schema_version": 0,
          "attributes": {
            "action": "lambda:InvokeFunction",
            "event_source_token": null,
            "function_name": "oficina-auth-cpf",
            "function_url_auth_type": null,
            "id": "AllowAPIGatewayInvoke",
            "principal": "apigateway.amazonaws.com",
            "principal_org_id": null,
            "qualifier": "",
            "source_account": null,
            "source_arn": "arn:aws:execute-api:us-east-1:840515967820:rwr1jgbu2l/*/*",
            "statement_id": "AllowAPIGatewayInvoke",
            "statement_id_prefix": ""
          },
          "sensitive_attributes": [],
          "identity_schema_version": 0,
          "private": "bnVsbA==",
          "dependencies": [
            "aws_apigatewayv2_api.auth",
            "aws_lambda_function.auth",
            "aws_security_group.lambda",
            "data.archive_file.lambda_zip",
            "data.aws_iam_role.lab_role"
          ]
        }
      ]
    },
    {
      "mode": "managed",
      "type": "aws_security_group",
      "name": "lambda",
      "provider": "provider[\"registry.terraform.io/hashicorp/aws\"]",
      "instances": [
        {
          "schema_version": 1,
          "attributes": {
            "arn": "arn:aws:ec2:us-east-1:840515967820:security-group/sg-05549db5bb6a44236",
            "description": "Security group para a Lambda de autenticacao",
            "egress": [
              {
                "cidr_blocks": [
                  "0.0.0.0/0"
                ],
                "description": "HTTPS (CloudWatch Logs)",
                "from_port": 443,
                "ipv6_cidr_blocks": [],
                "prefix_list_ids": [],
                "protocol": "tcp",
                "security_groups": [],
                "self": false,
                "to_port": 443
              },
              {
                "cidr_blocks": [
                  "0.0.0.0/0"
                ],
                "description": "PostgreSQL RDS",
                "from_port": 5432,
                "ipv6_cidr_blocks": [],
                "prefix_list_ids": [],
                "protocol": "tcp",
                "security_groups": [],
                "self": false,
                "to_port": 5432
              }
            ],
            "id": "sg-05549db5bb6a44236",
            "ingress": [],
            "name": "oficina-lambda-auth-20260413191256791100000001",
            "name_prefix": "oficina-lambda-auth-",
            "owner_id": "840515967820",
            "revoke_rules_on_delete": false,
            "tags": null,
            "tags_all": {
              "ManagedBy": "terraform",
              "Project": "oficina",
              "Repo": "lambda-auth-oficina"
            },
            "timeouts": null,
            "vpc_id": "vpc-01450388aa0b72948"
          },
          "sensitive_attributes": [],
          "identity_schema_version": 0,
          "private": "eyJlMmJmYjczMC1lY2FhLTExZTYtOGY4OC0zNDM2M2JjN2M0YzAiOnsiY3JlYXRlIjo2MDAwMDAwMDAwMDAsImRlbGV0ZSI6OTAwMDAwMDAwMDAwfSwic2NoZW1hX3ZlcnNpb24iOiIxIn0=",
          "create_before_destroy": true
        }
      ]
    },
    {
      "mode": "managed",
      "type": "aws_security_group_rule",
      "name": "rds_from_lambda",
      "provider": "provider[\"registry.terraform.io/hashicorp/aws\"]",
      "instances": [
        {
          "index_key": 0,
          "schema_version": 2,
          "attributes": {
            "cidr_blocks": null,
            "description": "PostgreSQL from Lambda auth",
            "from_port": 5432,
            "id": "sgrule-244659992",
            "ipv6_cidr_blocks": null,
            "prefix_list_ids": null,
            "protocol": "tcp",
            "security_group_id": "sg-0116c5f92024774d0",
            "security_group_rule_id": "sgr-015a32f1e8654bc39",
            "self": false,
            "source_security_group_id": "sg-05549db5bb6a44236",
            "timeouts": null,
            "to_port": 5432,
            "type": "ingress"
          },
          "sensitive_attributes": [],
          "identity_schema_version": 0,
          "private": "eyJlMmJmYjczMC1lY2FhLTExZTYtOGY4OC0zNDM2M2JjN2M0YzAiOnsiY3JlYXRlIjozMDAwMDAwMDAwMDB9LCJzY2hlbWFfdmVyc2lvbiI6IjIifQ==",
          "dependencies": [
            "aws_security_group.lambda"
          ]
        }
      ]
    }
  ],
  "check_results": null
}
